// !$*UTF8*$!
{
	archiveVersion = 1;
	classes = {
	};
	objectVersion = 56;
	objects = {

/* Begin PBXBuildFile section */
		83714B8E2BBD3853005DEE2F /* AppDelegate.swift in Sources */ = {isa = PBXBuildFile; fileRef = 83714B8D2BBD3853005DEE2F /* AppDelegate.swift */; };
		83714B902BBD3853005DEE2F /* SceneDelegate.swift in Sources */ = {isa = PBXBuildFile; fileRef = 83714B8F2BBD3853005DEE2F /* SceneDelegate.swift */; };
		83714B922BBD3853005DEE2F /* ViewController.swift in Sources */ = {isa = PBXBuildFile; fileRef = 83714B912BBD3853005DEE2F /* ViewController.swift */; };
		83714B952BBD3853005DEE2F /* Main.storyboard in Resources */ = {isa = PBXBuildFile; fileRef = 83714B932BBD3853005DEE2F /* Main.storyboard */; };
		83714B972BBD3857005DEE2F /* Assets.xcassets in Resources */ = {isa = PBXBuildFile; fileRef = 83714B962BBD3857005DEE2F /* Assets.xcassets */; };
		83714B9A2BBD3857005DEE2F /* LaunchScreen.storyboard in Resources */ = {isa = PBXBuildFile; fileRef = 83714B982BBD3857005DEE2F /* LaunchScreen.storyboard */; };
		E9B457E9835F8A844ED1C8AA /* Pods_KHQR.framework in Frameworks */ = {isa = PBXBuildFile; fileRef = 477DF8BAD5F761D1CDA374C4 /* Pods_KHQR.framework */; };
/* End PBXBuildFile section */

/* Begin PBXFileReference section */
		180E0D6F62733832A4535F84 /* Pods-KHQR.debug.xcconfig */ = {isa = PBXFileReference; includeInIndex = 1; lastKnownFileType = text.xcconfig; name = "Pods-KHQR.debug.xcconfig"; path = "Target Support Files/Pods-KHQR/Pods-KHQR.debug.xcconfig"; sourceTree = "<group>"; };
		477DF8BAD5F761D1CDA374C4 /* Pods_KHQR.framework */ = {isa = PBXFileReference; explicitFileType = wrapper.framework; includeInIndex = 0; path = Pods_KHQR.framework; sourceTree = BUILT_PRODUCTS_DIR; };
		625957F71D93F73586FED1C9 /* Pods-KHQR.release.xcconfig */ = {isa = PBXFileReference; includeInIndex = 1; lastKnownFileType = text.xcconfig; name = "Pods-KHQR.release.xcconfig"; path = "Target Support Files/Pods-KHQR/Pods-KHQR.release.xcconfig"; sourceTree = "<group>"; };
		83714B8A2BBD3853005DEE2F /* KHQR.app */ = {isa = PBXFileReference; explicitFileType = wrapper.application; includeInIndex = 0; path = KHQR.app; sourceTree = BUILT_PRODUCTS_DIR; };
		83714B8D2BBD3853005DEE2F /* AppDelegate.swift */ = {isa = PBXFileReference; lastKnownFileType = sourcecode.swift; path = AppDelegate.swift; sourceTree = "<group>"; };
		83714B8F2BBD3853005DEE2F /* SceneDelegate.swift */ = {isa = PBXFileReference; lastKnownFileType = sourcecode.swift; path = SceneDelegate.swift; sourceTree = "<group>"; };
		83714B912BBD3853005DEE2F /* ViewController.swift */ = {isa = PBXFileReference; lastKnownFileType = sourcecode.swift; path = ViewController.swift; sourceTree = "<group>"; };
		83714B942BBD3853005DEE2F /* Base */ = {isa = PBXFileReference; lastKnownFileType = file.storyboard; name = Base; path = Base.lproj/Main.storyboard; sourceTree = "<group>"; };
		83714B962BBD3857005DEE2F /* Assets.xcassets */ = {isa = PBXFileReference; lastKnownFileType = folder.assetcatalog; path = Assets.xcassets; sourceTree = "<group>"; };
		83714B992BBD3857005DEE2F /* Base */ = {isa = PBXFileReference; lastKnownFileType = file.storyboard; name = Base; path = Base.lproj/LaunchScreen.storyboard; sourceTree = "<group>"; };
		83714B9B2BBD3857005DEE2F /* Info.plist */ = {isa = PBXFileReference; lastKnownFileType = text.plist.xml; path = Info.plist; sourceTree = "<group>"; };
/* End PBXFileReference section */

/* Begin PBXFrameworksBuildPhase section */
		83714B872BBD3853005DEE2F /* Frameworks */ = {
			isa = PBXFrameworksBuildPhase;
			buildActionMask = 2147483647;
			files = (
				E9B457E9835F8A844ED1C8AA /* Pods_KHQR.framework in Frameworks */,
			);
			runOnlyForDeploymentPostprocessing = 0;
		};
/* End PBXFrameworksBuildPhase section */

/* Begin PBXGroup section */
		5100AE3DE8A676534AB7AC19 /* Pods */ = {
			isa = PBXGroup;
			children = (
				180E0D6F62733832A4535F84 /* Pods-KHQR.debug.xcconfig */,
				625957F71D93F73586FED1C9 /* Pods-KHQR.release.xcconfig */,
			);
			path = Pods;
			sourceTree = "<group>";
		};
		6BCD2ED4887A98468495D365 /* Frameworks */ = {
			isa = PBXGroup;
			children = (
				477DF8BAD5F761D1CDA374C4 /* Pods_KHQR.framework */,
			);
			name = Frameworks;
			sourceTree = "<group>";
		};
		83714B812BBD3853005DEE2F = {
			isa = PBXGroup;
			children = (
				83714B8C2BBD3853005DEE2F /* KHQR */,
				83714B8B2BBD3853005DEE2F /* Products */,
				5100AE3DE8A676534AB7AC19 /* Pods */,
				6BCD2ED4887A98468495D365 /* Frameworks */,
			);
			sourceTree = "<group>";
		};
		83714B8B2BBD3853005DEE2F /* Products */ = {
			isa = PBXGroup;
			children = (
				83714B8A2BBD3853005DEE2F /* KHQR.app */,
			);
			name = Products;
			sourceTree = "<group>";
		};
		83714B8C2BBD3853005DEE2F /* KHQR */ = {
			isa = PBXGroup;
			children = (
				83714B8D2BBD3853005DEE2F /* AppDelegate.swift */,
				83714B8F2BBD3853005DEE2F /* SceneDelegate.swift */,
				83714B912BBD3853005DEE2F /* ViewController.swift */,
				83714B932BBD3853005DEE2F /* Main.storyboard */,
				83714B962BBD3857005DEE2F /* Assets.xcassets */,
				83714B982BBD3857005DEE2F /* LaunchScreen.storyboard */,
				83714B9B2BBD3857005DEE2F /* Info.plist */,
			);
			path = KHQR;
			sourceTree = "<group>";
		};
/* End PBXGroup section */

/* Begin PBXNativeTarget section */
		83714B892BBD3853005DEE2F /* KHQR */ = {
			isa = PBXNativeTarget;
			buildConfigurationList = 83714B9E2BBD3857005DEE2F /* Build configuration list for PBXNativeTarget "KHQR" */;
			buildPhases = (
				1D93473BB2F0690C65633228 /* [CP] Check Pods Manifest.lock */,
				83714B862BBD3853005DEE2F /* Sources */,
				83714B872BBD3853005DEE2F /* Frameworks */,
				83714B882BBD3853005DEE2F /* Resources */,
				028732CBDF477FDB0CE1318C /* [CP] Embed Pods Frameworks */,
			);
			buildRules = (
			);
			dependencies = (
			);
			name = KHQR;
			productName = KHQR;
			productReference = 83714B8A2BBD3853005DEE2F /* KHQR.app */;
			productType = "com.apple.product-type.application";
		};
/* End PBXNativeTarget section */

/* Begin PBXProject section */
		83714B822BBD3853005DEE2F /* Project object */ = {
			isa = PBXProject;
			attributes = {
				BuildIndependentTargetsInParallel = 1;
				LastSwiftUpdateCheck = 1520;
				LastUpgradeCheck = 1520;
				TargetAttributes = {
					83714B892BBD3853005DEE2F = {
						CreatedOnToolsVersion = 15.2;
					};
				};
			};
			buildConfigurationList = 83714B852BBD3853005DEE2F /* Build configuration list for PBXProject "KHQR" */;
			compatibilityVersion = "Xcode 14.0";
			developmentRegion = en;
			hasScannedForEncodings = 0;
			knownRegions = (
				en,
				Base,
			);
			mainGroup = 83714B812BBD3853005DEE2F;
			productRefGroup = 83714B8B2BBD3853005DEE2F /* Products */;
			projectDirPath = "";
			projectRoot = "";
			targets = (
				83714B892BBD3853005DEE2F /* KHQR */,
			);
		};
/* End PBXProject section */

/* Begin PBXResourcesBuildPhase section */
		83714B882BBD3853005DEE2F /* Resources */ = {
			isa = PBXResourcesBuildPhase;
			buildActionMask = 2147483647;
			files = (
				83714B9A2BBD3857005DEE2F /* LaunchScreen.storyboard in Resources */,
				83714B972BBD3857005DEE2F /* Assets.xcassets in Resources */,
				83714B952BBD3853005DEE2F /* Main.storyboard in Resources */,
			);
			runOnlyForDeploymentPostprocessing = 0;
		};
/* End PBXResourcesBuildPhase section */

/* Begin PBXShellScriptBuildPhase section */
		028732CBDF477FDB0CE1318C /* [CP] Embed Pods Frameworks */ = {
			isa = PBXShellScriptBuildPhase;
			buildActionMask = 2147483647;
			files = (
			);
			inputFileListPaths = (
				"${PODS_ROOT}/Target Support Files/Pods-KHQR/Pods-KHQR-frameworks-${CONFIGURATION}-input-files.xcfilelist",
			);
			name = "[CP] Embed Pods Frameworks";
			outputFileListPaths = (
				"${PODS_ROOT}/Target Support Files/Pods-KHQR/Pods-KHQR-frameworks-${CONFIGURATION}-output-files.xcfilelist",
			);
			runOnlyForDeploymentPostprocessing = 0;
			shellPath = /bin/sh;
			shellScript = "\"${PODS_ROOT}/Target Support Files/Pods-KHQR/Pods-KHQR-frameworks.sh\"\n";
			showEnvVarsInLog = 0;
		};
		1D93473BB2F0690C65633228 /* [CP] Check Pods Manifest.lock */ = {
			isa = PBXShellScriptBuildPhase;
			buildActionMask = 2147483647;
			files = (
			);
			inputFileListPaths = (
			);
			inputPaths = (
				"${PODS_PODFILE_DIR_PATH}/Podfile.lock",
				"${PODS_ROOT}/Manifest.lock",
			);
			name = "[CP] Check Pods Manifest.lock";
			outputFileListPaths = (
			);
			outputPaths = (
				"$(DERIVED_FILE_DIR)/Pods-KHQR-checkManifestLockResult.txt",
			);
			runOnlyForDeploymentPostprocessing = 0;
			shellPath = /bin/sh;
			shellScript = "diff \"${PODS_PODFILE_DIR_PATH}/Podfile.lock\" \"${PODS_ROOT}/Manifest.lock\" > /dev/null\nif [ $? != 0 ] ; then\n    # print error to STDERR\n    echo \"error: The sandbox is not in sync with the Podfile.lock. Run 'pod install' or update your CocoaPods installation.\" >&2\n    exit 1\nfi\n# This output is used by Xcode 'outputs' to avoid re-running this script phase.\necho \"SUCCESS\" > \"${SCRIPT_OUTPUT_FILE_0}\"\n";
			showEnvVarsInLog = 0;
		};
/* End PBXShellScriptBuildPhase section */

/* Begin PBXSourcesBuildPhase section */
		83714B862BBD3853005DEE2F /* Sources */ = {
			isa = PBXSourcesBuildPhase;
			buildActionMask = 2147483647;
			files = (
				83714B922BBD3853005DEE2F /* ViewController.swift in Sources */,
				83714B8E2BBD3853005DEE2F /* AppDelegate.swift in Sources */,
				83714B902BBD3853005DEE2F /* SceneDelegate.swift in Sources */,
			);
			runOnlyForDeploymentPostprocessing = 0;
		};
/* End PBXSourcesBuildPhase section */

/* Begin PBXVariantGroup section */
		83714B932BBD3853005DEE2F /* Main.storyboard */ = {
			isa = PBXVariantGroup;
			children = (
				83714B942BBD3853005DEE2F /* Base */,
			);
			name = Main.storyboard;
			sourceTree = "<group>";
		};
		83714B982BBD3857005DEE2F /* LaunchScreen.storyboard */ = {
			isa = PBXVariantGroup;
			children = (
				83714B992BBD3857005DEE2F /* Base */,
			);
			name = LaunchScreen.storyboard;
			sourceTree = "<group>";
		};
/* End PBXVariantGroup section */

/* Begin XCBuildConfiguration section */
		83714B9C2BBD3857005DEE2F /* Debug */ = {
			isa = XCBuildConfiguration;
			buildSettings = {
				ALWAYS_SEARCH_USER_PATHS = NO;
				ASSETCATALOG_COMPILER_GENERATE_SWIFT_ASSET_SYMBOL_EXTENSIONS = YES;
				CLANG_ANALYZER_NONNULL = YES;
				CLANG_ANALYZER_NUMBER_OBJECT_CONVERSION = YES_AGGRESSIVE;
				CLANG_CXX_LANGUAGE_STANDARD = "gnu++20";
				CLANG_ENABLE_MODULES = YES;
				CLANG_ENABLE_OBJC_ARC = YES;
				CLANG_ENABLE_OBJC_WEAK = YES;
				CLANG_WARN_BLOCK_CAPTURE_AUTORELEASING = YES;
				CLANG_WARN_BOOL_CONVERSION = YES;
				CLANG_WARN_COMMA = YES;
				CLANG_WARN_CONSTANT_CONVERSION = YES;
				CLANG_WARN_DEPRECATED_OBJC_IMPLEMENTATIONS = YES;
				CLANG_WARN_DIRECT_OBJC_ISA_USAGE = YES_ERROR;
				CLANG_WARN_DOCUMENTATION_COMMENTS = YES;
				CLANG_WARN_EMPTY_BODY = YES;
				CLANG_WARN_ENUM_CONVERSION = YES;
				CLANG_WARN_INFINITE_RECURSION = YES;
				CLANG_WARN_INT_CONVERSION = YES;
				CLANG_WARN_NON_LITERAL_NULL_CONVERSION = YES;
				CLANG_WARN_OBJC_IMPLICIT_RETAIN_SELF = YES;
				CLANG_WARN_OBJC_LITERAL_CONVERSION = YES;
				CLANG_WARN_OBJC_ROOT_CLASS = YES_ERROR;
				CLANG_WARN_QUOTED_INCLUDE_IN_FRAMEWORK_HEADER = YES;
				CLANG_WARN_RANGE_LOOP_ANALYSIS = YES;
				CLANG_WARN_STRICT_PROTOTYPES = YES;
				CLANG_WARN_SUSPICIOUS_MOVE = YES;
				CLANG_WARN_UNGUARDED_AVAILABILITY = YES_AGGRESSIVE;
				CLANG_WARN_UNREACHABLE_CODE = YES;
				CLANG_WARN__DUPLICATE_METHOD_MATCH = YES;
				COPY_PHASE_STRIP = NO;
				DEBUG_INFORMATION_FORMAT = dwarf;
				ENABLE_STRICT_OBJC_MSGSEND = YES;
				ENABLE_TESTABILITY = YES;
				ENABLE_USER_SCRIPT_SANDBOXING = YES;
				GCC_C_LANGUAGE_STANDARD = gnu17;
				GCC_DYNAMIC_NO_PIC = NO;
				GCC_NO_COMMON_BLOCKS = YES;
				GCC_OPTIMIZATION_LEVEL = 0;
				GCC_PREPROCESSOR_DEFINITIONS = (
					"DEBUG=1",
					"$(inherited)",
				);
				GCC_WARN_64_TO_32_BIT_CONVERSION = YES;
				GCC_WARN_ABOUT_RETURN_TYPE = YES_ERROR;
				GCC_WARN_UNDECLARED_SELECTOR = YES;
				GCC_WARN_UNINITIALIZED_AUTOS = YES_AGGRESSIVE;
				GCC_WARN_UNUSED_FUNCTION = YES;
				GCC_WARN_UNUSED_VARIABLE = YES;
				IPHONEOS_DEPLOYMENT_TARGET = 17.2;
				LOCALIZATION_PREFERS_STRING_CATALOGS = YES;
				MTL_ENABLE_DEBUG_INFO = INCLUDE_SOURCE;
				MTL_FAST_MATH = YES;
				ONLY_ACTIVE_ARCH = YES;
				SDKROOT = iphoneos;
				SWIFT_ACTIVE_COMPILATION_CONDITIONS = "DEBUG $(inherited)";
				SWIFT_OPTIMIZATION_LEVEL = "-Onone";
			};
			name = Debug;
		};
		83714B9D2BBD3857005DEE2F /* Release */ = {
			isa = XCBuildConfiguration;
			buildSettings = {
				ALWAYS_SEARCH_USER_PATHS = NO;
				ASSETCATALOG_COMPILER_GENERATE_SWIFT_ASSET_SYMBOL_EXTENSIONS = YES;
				CLANG_ANALYZER_NONNULL = YES;
				CLANG_ANALYZER_NUMBER_OBJECT_CONVERSION = YES_AGGRESSIVE;
				CLANG_CXX_LANGUAGE_STANDARD = "gnu++20";
				CLANG_ENABLE_MODULES = YES;
				CLANG_ENABLE_OBJC_ARC = YES;
				CLANG_ENABLE_OBJC_WEAK = YES;
				CLANG_WARN_BLOCK_CAPTURE_AUTORELEASING = YES;
				CLANG_WARN_BOOL_CONVERSION = YES;
				CLANG_WARN_COMMA = YES;
				CLANG_WARN_CONSTANT_CONVERSION = YES;
				CLANG_WARN_DEPRECATED_OBJC_IMPLEMENTATIONS = YES;
				CLANG_WARN_DIRECT_OBJC_ISA_USAGE = YES_ERROR;
				CLANG_WARN_DOCUMENTATION_COMMENTS = YES;
				CLANG_WARN_EMPTY_BODY = YES;
				CLANG_WARN_ENUM_CONVERSION = YES;
				CLANG_WARN_INFINITE_RECURSION = YES;
				CLANG_WARN_INT_CONVERSION = YES;
				CLANG_WARN_NON_LITERAL_NULL_CONVERSION = YES;
				CLANG_WARN_OBJC_IMPLICIT_RETAIN_SELF = YES;
				CLANG_WARN_OBJC_LITERAL_CONVERSION = YES;
				CLANG_WARN_OBJC_ROOT_CLASS = YES_ERROR;
				CLANG_WARN_QUOTED_INCLUDE_IN_FRAMEWORK_HEADER = YES;
				CLANG_WARN_RANGE_LOOP_ANALYSIS = YES;
				CLANG_WARN_STRICT_PROTOTYPES = YES;
				CLANG_WARN_SUSPICIOUS_MOVE = YES;
				CLANG_WARN_UNGUARDED_AVAILABILITY = YES_AGGRESSIVE;
				CLANG_WARN_UNREACHABLE_CODE = YES;
				CLANG_WARN__DUPLICATE_METHOD_MATCH = YES;
				COPY_PHASE_STRIP = NO;
				DEBUG_INFORMATION_FORMAT = "dwarf-with-dsym";
				ENABLE_NS_ASSERTIONS = NO;
				ENABLE_STRICT_OBJC_MSGSEND = YES;
				ENABLE_USER_SCRIPT_SANDBOXING = YES;
				GCC_C_LANGUAGE_STANDARD = gnu17;
				GCC_NO_COMMON_BLOCKS = YES;
				GCC_WARN_64_TO_32_BIT_CONVERSION = YES;
				GCC_WARN_ABOUT_RETURN_TYPE = YES_ERROR;
				GCC_WARN_UNDECLARED_SELECTOR = YES;
				GCC_WARN_UNINITIALIZED_AUTOS = YES_AGGRESSIVE;
				GCC_WARN_UNUSED_FUNCTION = YES;
				GCC_WARN_UNUSED_VARIABLE = YES;
				IPHONEOS_DEPLOYMENT_TARGET = 17.2;
				LOCALIZATION_PREFERS_STRING_CATALOGS = YES;
				MTL_ENABLE_DEBUG_INFO = NO;
				MTL_FAST_MATH = YES;
				SDKROOT = iphoneos;
				SWIFT_COMPILATION_MODE = wholemodule;
				VALIDATE_PRODUCT = YES;
			};
			name = Release;
		};
		83714B9F2BBD3857005DEE2F /* Debug */ = {
			isa = XCBuildConfiguration;
			baseConfigurationReference = 180E0D6F62733832A4535F84 /* Pods-KHQR.debug.xcconfig */;
			buildSettings = {
				ASSETCATALOG_COMPILER_APPICON_NAME = AppIcon;
				ASSETCATALOG_COMPILER_GLOBAL_ACCENT_COLOR_NAME = AccentColor;
				CODE_SIGN_STYLE = Automatic;
				CURRENT_PROJECT_VERSION = 1;
				DEVELOPMENT_TEAM = 987TZGMS95;
				ENABLE_USER_SCRIPT_SANDBOXING = NO;
				GENERATE_INFOPLIST_FILE = YES;
				INFOPLIST_FILE = KHQR/Info.plist;
				INFOPLIST_KEY_UIApplicationSupportsIndirectInputEvents = YES;
				INFOPLIST_KEY_UILaunchStoryboardName = LaunchScreen;
				INFOPLIST_KEY_UIMainStoryboardFile = Main;
				INFOPLIST_KEY_UISupportedInterfaceOrientations_iPad = "UIInterfaceOrientationPortrait UIInterfaceOrientationPortraitUpsideDown UIInterfaceOrientationLandscapeLeft UIInterfaceOrientationLandscapeRight";
				INFOPLIST_KEY_UISupportedInterfaceOrientations_iPhone = "UIInterfaceOrientationPortrait UIInterfaceOrientationLandscapeLeft UIInterfaceOrientationLandscapeRight";
				LD_RUNPATH_SEARCH_PATHS = (
					"$(inherited)",
					"@executable_path/Frameworks",
				);
				MARKETING_VERSION = 1.0;
				PRODUCT_BUNDLE_IDENTIFIER = com.kosign.wegarden.KHQR;
				PRODUCT_NAME = "$(TARGET_NAME)";
				SWIFT_EMIT_LOC_STRINGS = YES;
				SWIFT_VERSION = 5.0;
				TARGETED_DEVICE_FAMILY = "1,2";
			};
			name = Debug;
		};
		83714BA02BBD3857005DEE2F /* Release */ = {
			isa = XCBuildConfiguration;
			baseConfigurationReference = 625957F71D93F73586FED1C9 /* Pods-KHQR.release.xcconfig */;
			buildSettings = {
				ASSETCATALOG_COMPILER_APPICON_NAME = AppIcon;
				ASSETCATALOG_COMPILER_GLOBAL_ACCENT_COLOR_NAME = AccentColor;
				CODE_SIGN_STYLE = Automatic;
				CURRENT_PROJECT_VERSION = 1;
				DEVELOPMENT_TEAM = 987TZGMS95;
				ENABLE_USER_SCRIPT_SANDBOXING = NO;
				GENERATE_INFOPLIST_FILE = YES;
				INFOPLIST_FILE = KHQR/Info.plist;
				INFOPLIST_KEY_UIApplicationSupportsIndirectInputEvents = YES;
				INFOPLIST_KEY_UILaunchStoryboardName = LaunchScreen;
				INFOPLIST_KEY_UIMainStoryboardFile = Main;
				INFOPLIST_KEY_UISupportedInterfaceOrientations_iPad = "UIInterfaceOrientationPortrait UIInterfaceOrientationPortraitUpsideDown UIInterfaceOrientationLandscapeLeft UIInterfaceOrientationLandscapeRight";
				INFOPLIST_KEY_UISupportedInterfaceOrientations_iPhone = "UIInterfaceOrientationPortrait UIInterfaceOrientationLandscapeLeft UIInterfaceOrientationLandscapeRight";
				LD_RUNPATH_SEARCH_PATHS = (
					"$(inherited)",
					"@executable_path/Frameworks",
				);
				MARKETING_VERSION = 1.0;
				PRODUCT_BUNDLE_IDENTIFIER = com.kosign.wegarden.KHQR;
				PRODUCT_NAME = "$(TARGET_NAME)";
				SWIFT_EMIT_LOC_STRINGS = YES;
				SWIFT_VERSION = 5.0;
				TARGETED_DEVICE_FAMILY = "1,2";
			};
			name = Release;
		};
/* End XCBuildConfiguration section */

/* Begin XCConfigurationList section */
		83714B852BBD3853005DEE2F /* Build configuration list for PBXProject "KHQR" */ = {
			isa = XCConfigurationList;
			buildConfigurations = (
				83714B9C2BBD3857005DEE2F /* Debug */,
				83714B9D2BBD3857005DEE2F /* Release */,
			);
			defaultConfigurationIsVisible = 0;
			defaultConfigurationName = Release;
		};
		83714B9E2BBD3857005DEE2F /* Build configuration list for PBXNativeTarget "KHQR" */ = {
			isa = XCConfigurationList;
			buildConfigurations = (
				83714B9F2BBD3857005DEE2F /* Debug */,
				83714BA02BBD3857005DEE2F /* Release */,
			);
			defaultConfigurationIsVisible = 0;
			defaultConfigurationName = Release;
		};
/* End XCConfigurationList section */
	};
	rootObject = 83714B822BBD3853005DEE2F /* Project object */;
}
